
Microsoft Visual Studio Solution File, Format Version 12.00
# Visual Studio Version 16
VisualStudioVersion = 16.0.32602.290
MinimumVisualStudioVersion = 10.0.40219.1
Project("{FAE04EC0-301F-11D3-BF4B-00C04F79EFBC}") = "Calculate", "Calculate\Calculate.csproj", "{A504122F-85F8-4CFC-A8CA-DC5799CE0695}"
EndProject
Global
	GlobalSection(SolutionConfigurationPlatforms) = preSolution
		Debug|Any CPU = Debug|Any CPU
		Release|Any CPU = Release|Any CPU
	EndGlobalSection
	GlobalSection(ProjectConfigurationPlatforms) = postSolution
		{A504122F-85F8-4CFC-A8CA-DC5799CE0695}.Debug|Any CPU.ActiveCfg = Debug|Any CPU
		{A504122F-85F8-4CFC-A8CA-DC5799CE0695}.Debug|Any CPU.Build.0 = Debug|Any CPU
		{A504122F-85F8-4CFC-A8CA-DC5799CE0695}.Release|Any CPU.ActiveCfg = Release|Any CPU
		{A504122F-85F8-4CFC-A8CA-DC5799CE0695}.Release|Any CPU.Build.0 = Release|Any CPU
	EndGlobalSection
	GlobalSection(SolutionProperties) = preSolution
		HideSolutionNode = FALSE
	EndGlobalSection
	GlobalSection(ExtensibilityGlobals) = postSolution
		SolutionGuid = {A4DE9DD6-2B49-47C8-998F-D210228D2011}
	EndGlobalSection
EndGlobal
